// !$*UTF8*$!
{
	archiveVersion = 1;
	classes = {
	};
	objectVersion = 56;
	objects = {

/* Begin PBXBuildFile section */
		E5C09C9728F21E6C00B11418 /* Then in Frameworks */ = {isa = PBXBuildFile; productRef = E5C09C9628F21E6C00B11418 /* Then */; };
		E5C09C9B28F23A5500B11418 /* EditSectionsReusableView.swift in Sources */ = {isa = PBXBuildFile; fileRef = E5C09C9A28F23A5500B11418 /* EditSectionsReusableView.swift */; };
		E5CF835B28F1DE0600109ABF /* ReactorKit in Frameworks */ = {isa = PBXBuildFile; productRef = E5CF835A28F1DE0600109ABF /* ReactorKit */; };
		E5CF835D28F1DE5800109ABF /* MainViewReactor.swift in Sources */ = {isa = PBXBuildFile; fileRef = E5CF835C28F1DE5800109ABF /* MainViewReactor.swift */; };
		E5CF836228F1E8B700109ABF /* RxCocoa in Frameworks */ = {isa = PBXBuildFile; productRef = E5CF836128F1E8B700109ABF /* RxCocoa */; };
		E5CF836428F1E8B700109ABF /* RxRelay in Frameworks */ = {isa = PBXBuildFile; productRef = E5CF836328F1E8B700109ABF /* RxRelay */; };
		E5CF836628F1E8B700109ABF /* RxSwift in Frameworks */ = {isa = PBXBuildFile; productRef = E5CF836528F1E8B700109ABF /* RxSwift */; };
		E5CF836A28F1E8D900109ABF /* SectionHeaderReusableViewReactor.swift in Sources */ = {isa = PBXBuildFile; fileRef = E5CF836928F1E8D900109ABF /* SectionHeaderReusableViewReactor.swift */; };
		E5CF836C28F1EABC00109ABF /* ImageTextCollectionViewCellReactor.swift in Sources */ = {isa = PBXBuildFile; fileRef = E5CF836B28F1EABC00109ABF /* ImageTextCollectionViewCellReactor.swift */; };
		E5CF836F28F2157200109ABF /* Collection+.swift in Sources */ = {isa = PBXBuildFile; fileRef = E5CF836E28F2157200109ABF /* Collection+.swift */; };
		E5FFA09428F05C3000D422FC /* AppDelegate.swift in Sources */ = {isa = PBXBuildFile; fileRef = E5FFA09328F05C3000D422FC /* AppDelegate.swift */; };
		E5FFA09628F05C3000D422FC /* SceneDelegate.swift in Sources */ = {isa = PBXBuildFile; fileRef = E5FFA09528F05C3000D422FC /* SceneDelegate.swift */; };
		E5FFA09828F05C3000D422FC /* MainViewController.swift in Sources */ = {isa = PBXBuildFile; fileRef = E5FFA09728F05C3000D422FC /* MainViewController.swift */; };
		E5FFA09D28F05C3100D422FC /* Assets.xcassets in Resources */ = {isa = PBXBuildFile; fileRef = E5FFA09C28F05C3100D422FC /* Assets.xcassets */; };
		E5FFA0A028F05C3100D422FC /* LaunchScreen.storyboard in Resources */ = {isa = PBXBuildFile; fileRef = E5FFA09E28F05C3100D422FC /* LaunchScreen.storyboard */; };
		E5FFA0C428F05CA800D422FC /* SectionModel.swift in Sources */ = {isa = PBXBuildFile; fileRef = E5FFA0C328F05CA800D422FC /* SectionModel.swift */; };
		E5FFA0C628F05D5A00D422FC /* CellModel.swift in Sources */ = {isa = PBXBuildFile; fileRef = E5FFA0C528F05D5A00D422FC /* CellModel.swift */; };
		E5FFA0CA28F0632500D422FC /* ImageTextCollectionViewCell.swift in Sources */ = {isa = PBXBuildFile; fileRef = E5FFA0C928F0632500D422FC /* ImageTextCollectionViewCell.swift */; };
		E5FFA0CC28F063C100D422FC /* SectionHeaderReusableView.swift in Sources */ = {isa = PBXBuildFile; fileRef = E5FFA0CB28F063C100D422FC /* SectionHeaderReusableView.swift */; };
/* End PBXBuildFile section */

/* Begin PBXFileReference section */
		E5C09C9A28F23A5500B11418 /* EditSectionsReusableView.swift */ = {isa = PBXFileReference; lastKnownFileType = sourcecode.swift; path = EditSectionsReusableView.swift; sourceTree = "<group>"; };
		E5CF835C28F1DE5800109ABF /* MainViewReactor.swift */ = {isa = PBXFileReference; lastKnownFileType = sourcecode.swift; path = MainViewReactor.swift; sourceTree = "<group>"; };
		E5CF836928F1E8D900109ABF /* SectionHeaderReusableViewReactor.swift */ = {isa = PBXFileReference; lastKnownFileType = sourcecode.swift; path = SectionHeaderReusableViewReactor.swift; sourceTree = "<group>"; };
		E5CF836B28F1EABC00109ABF /* ImageTextCollectionViewCellReactor.swift */ = {isa = PBXFileReference; lastKnownFileType = sourcecode.swift; path = ImageTextCollectionViewCellReactor.swift; sourceTree = "<group>"; };
		E5CF836E28F2157200109ABF /* Collection+.swift */ = {isa = PBXFileReference; lastKnownFileType = sourcecode.swift; path = "Collection+.swift"; sourceTree = "<group>"; };
		E5FFA09028F05C3000D422FC /* Diffable-Datasource-ReactorKit-Example.app */ = {isa = PBXFileReference; explicitFileType = wrapper.application; includeInIndex = 0; path = "Diffable-Datasource-ReactorKit-Example.app"; sourceTree = BUILT_PRODUCTS_DIR; };
		E5FFA09328F05C3000D422FC /* AppDelegate.swift */ = {isa = PBXFileReference; lastKnownFileType = sourcecode.swift; path = AppDelegate.swift; sourceTree = "<group>"; };
		E5FFA09528F05C3000D422FC /* SceneDelegate.swift */ = {isa = PBXFileReference; lastKnownFileType = sourcecode.swift; path = SceneDelegate.swift; sourceTree = "<group>"; };
		E5FFA09728F05C3000D422FC /* MainViewController.swift */ = {isa = PBXFileReference; lastKnownFileType = sourcecode.swift; path = MainViewController.swift; sourceTree = "<group>"; };
		E5FFA09C28F05C3100D422FC /* Assets.xcassets */ = {isa = PBXFileReference; lastKnownFileType = folder.assetcatalog; path = Assets.xcassets; sourceTree = "<group>"; };
		E5FFA09F28F05C3100D422FC /* Base */ = {isa = PBXFileReference; lastKnownFileType = file.storyboard; name = Base; path = Base.lproj/LaunchScreen.storyboard; sourceTree = "<group>"; };
		E5FFA0A128F05C3100D422FC /* Info.plist */ = {isa = PBXFileReference; lastKnownFileType = text.plist.xml; path = Info.plist; sourceTree = "<group>"; };
		E5FFA0C328F05CA800D422FC /* SectionModel.swift */ = {isa = PBXFileReference; lastKnownFileType = sourcecode.swift; path = SectionModel.swift; sourceTree = "<group>"; };
		E5FFA0C528F05D5A00D422FC /* CellModel.swift */ = {isa = PBXFileReference; lastKnownFileType = sourcecode.swift; path = CellModel.swift; sourceTree = "<group>"; };
		E5FFA0C928F0632500D422FC /* ImageTextCollectionViewCell.swift */ = {isa = PBXFileReference; lastKnownFileType = sourcecode.swift; path = ImageTextCollectionViewCell.swift; sourceTree = "<group>"; };
		E5FFA0CB28F063C100D422FC /* SectionHeaderReusableView.swift */ = {isa = PBXFileReference; lastKnownFileType = sourcecode.swift; path = SectionHeaderReusableView.swift; sourceTree = "<group>"; };
/* End PBXFileReference section */

/* Begin PBXFrameworksBuildPhase section */
		E5FFA08D28F05C3000D422FC /* Frameworks */ = {
			isa = PBXFrameworksBuildPhase;
			buildActionMask = 2147483647;
			files = (
				E5C09C9728F21E6C00B11418 /* Then in Frameworks */,
				E5CF836428F1E8B700109ABF /* RxRelay in Frameworks */,
				E5CF836228F1E8B700109ABF /* RxCocoa in Frameworks */,
				E5CF836628F1E8B700109ABF /* RxSwift in Frameworks */,
				E5CF835B28F1DE0600109ABF /* ReactorKit in Frameworks */,
			);
			runOnlyForDeploymentPostprocessing = 0;
		};
/* End PBXFrameworksBuildPhase section */

/* Begin PBXGroup section */
		E5CF837028F2157500109ABF /* App */ = {
			isa = PBXGroup;
			children = (
				E5FFA09C28F05C3100D422FC /* Assets.xcassets */,
				E5FFA09E28F05C3100D422FC /* LaunchScreen.storyboard */,
				E5FFA09328F05C3000D422FC /* AppDelegate.swift */,
				E5FFA09528F05C3000D422FC /* SceneDelegate.swift */,
			);
			path = App;
			sourceTree = "<group>";
		};
		E5CF837128F2157A00109ABF /* Ext */ = {
			isa = PBXGroup;
			children = (
				E5CF836E28F2157200109ABF /* Collection+.swift */,
			);
			path = Ext;
			sourceTree = "<group>";
		};
		E5CF837228F2157F00109ABF /* Main */ = {
			isa = PBXGroup;
			children = (
				E5FFA09728F05C3000D422FC /* MainViewController.swift */,
				E5CF835C28F1DE5800109ABF /* MainViewReactor.swift */,
				E5C09C9A28F23A5500B11418 /* EditSectionsReusableView.swift */,
				E5FFA0CB28F063C100D422FC /* SectionHeaderReusableView.swift */,
				E5CF836928F1E8D900109ABF /* SectionHeaderReusableViewReactor.swift */,
				E5FFA0C928F0632500D422FC /* ImageTextCollectionViewCell.swift */,
				E5CF836B28F1EABC00109ABF /* ImageTextCollectionViewCellReactor.swift */,
			);
			path = Main;
			sourceTree = "<group>";
		};
		E5CF837328F2158900109ABF /* Models */ = {
			isa = PBXGroup;
			children = (
				E5FFA0C328F05CA800D422FC /* SectionModel.swift */,
				E5FFA0C528F05D5A00D422FC /* CellModel.swift */,
			);
			path = Models;
			sourceTree = "<group>";
		};
		E5FFA08728F05C3000D422FC = {
			isa = PBXGroup;
			children = (
				E5FFA09228F05C3000D422FC /* Diffable-Datasource-ReactorKit-Example */,
				E5FFA09128F05C3000D422FC /* Products */,
			);
			sourceTree = "<group>";
		};
		E5FFA09128F05C3000D422FC /* Products */ = {
			isa = PBXGroup;
			children = (
				E5FFA09028F05C3000D422FC /* Diffable-Datasource-ReactorKit-Example.app */,
			);
			name = Products;
			sourceTree = "<group>";
		};
		E5FFA09228F05C3000D422FC /* Diffable-Datasource-ReactorKit-Example */ = {
			isa = PBXGroup;
			children = (
				E5CF837328F2158900109ABF /* Models */,
				E5CF837228F2157F00109ABF /* Main */,
				E5CF837128F2157A00109ABF /* Ext */,
				E5CF837028F2157500109ABF /* App */,
				E5FFA0A128F05C3100D422FC /* Info.plist */,
			);
			path = "Diffable-Datasource-ReactorKit-Example";
			sourceTree = "<group>";
		};
/* End PBXGroup section */

/* Begin PBXNativeTarget section */
		E5FFA08F28F05C3000D422FC /* Diffable-Datasource-ReactorKit-Example */ = {
			isa = PBXNativeTarget;
			buildConfigurationList = E5FFA0BA28F05C3100D422FC /* Build configuration list for PBXNativeTarget "Diffable-Datasource-ReactorKit-Example" */;
			buildPhases = (
				E5FFA08C28F05C3000D422FC /* Sources */,
				E5FFA08D28F05C3000D422FC /* Frameworks */,
				E5FFA08E28F05C3000D422FC /* Resources */,
				E5CF836D28F1FC1200109ABF /* ShellScript */,
			);
			buildRules = (
			);
			dependencies = (
			);
			name = "Diffable-Datasource-ReactorKit-Example";
			packageProductDependencies = (
				E5CF835A28F1DE0600109ABF /* ReactorKit */,
				E5CF836128F1E8B700109ABF /* RxCocoa */,
				E5CF836328F1E8B700109ABF /* RxRelay */,
				E5CF836528F1E8B700109ABF /* RxSwift */,
				E5C09C9628F21E6C00B11418 /* Then */,
			);
			productName = "Diffable-Datasource-HorizontalScroll-Test";
			productReference = E5FFA09028F05C3000D422FC /* Diffable-Datasource-ReactorKit-Example.app */;
			productType = "com.apple.product-type.application";
		};
/* End PBXNativeTarget section */

/* Begin PBXProject section */
		E5FFA08828F05C3000D422FC /* Project object */ = {
			isa = PBXProject;
			attributes = {
				BuildIndependentTargetsInParallel = 1;
				LastSwiftUpdateCheck = 1400;
				LastUpgradeCheck = 1400;
				TargetAttributes = {
					E5FFA08F28F05C3000D422FC = {
						CreatedOnToolsVersion = 14.0.1;
					};
				};
			};
			buildConfigurationList = E5FFA08B28F05C3000D422FC /* Build configuration list for PBXProject "Diffable-Datasource-ReactorKit-Example" */;
			compatibilityVersion = "Xcode 14.0";
			developmentRegion = en;
			hasScannedForEncodings = 0;
			knownRegions = (
				en,
				Base,
			);
			mainGroup = E5FFA08728F05C3000D422FC;
			packageReferences = (
				E5CF835928F1DE0600109ABF /* XCRemoteSwiftPackageReference "ReactorKit" */,
				E5CF835E28F1E8B700109ABF /* XCRemoteSwiftPackageReference "RxSwift" */,
				E5C09C9528F21E6C00B11418 /* XCRemoteSwiftPackageReference "Then" */,
			);
			productRefGroup = E5FFA09128F05C3000D422FC /* Products */;
			projectDirPath = "";
			projectRoot = "";
			targets = (
				E5FFA08F28F05C3000D422FC /* Diffable-Datasource-ReactorKit-Example */,
			);
		};
/* End PBXProject section */

/* Begin PBXResourcesBuildPhase section */
		E5FFA08E28F05C3000D422FC /* Resources */ = {
			isa = PBXResourcesBuildPhase;
			buildActionMask = 2147483647;
			files = (
				E5FFA0A028F05C3100D422FC /* LaunchScreen.storyboard in Resources */,
				E5FFA09D28F05C3100D422FC /* Assets.xcassets in Resources */,
			);
			runOnlyForDeploymentPostprocessing = 0;
		};
/* End PBXResourcesBuildPhase section */

/* Begin PBXShellScriptBuildPhase section */
		E5CF836D28F1FC1200109ABF /* ShellScript */ = {
			isa = PBXShellScriptBuildPhase;
			buildActionMask = 2147483647;
			files = (
			);
			inputFileListPaths = (
			);
			inputPaths = (
			);
			outputFileListPaths = (
			);
			outputPaths = (
			);
			runOnlyForDeploymentPostprocessing = 0;
			shellPath = /bin/sh;
			shellScript = "export PATH=\"$PATH:/opt/homebrew/bin\"\nif which swiftlint > /dev/null; then\n  swiftlint --fix && swiftlint\nelse\n  echo \"warning: SwiftLint not installed, download from https://github.com/realm/SwiftLint\"\nfi\n";
		};
/* End PBXShellScriptBuildPhase section */

/* Begin PBXSourcesBuildPhase section */
		E5FFA08C28F05C3000D422FC /* Sources */ = {
			isa = PBXSourcesBuildPhase;
			buildActionMask = 2147483647;
			files = (
				E5CF835D28F1DE5800109ABF /* MainViewReactor.swift in Sources */,
				E5FFA09828F05C3000D422FC /* MainViewController.swift in Sources */,
				E5CF836C28F1EABC00109ABF /* ImageTextCollectionViewCellReactor.swift in Sources */,
				E5FFA0C428F05CA800D422FC /* SectionModel.swift in Sources */,
				E5FFA0CA28F0632500D422FC /* ImageTextCollectionViewCell.swift in Sources */,
				E5C09C9B28F23A5500B11418 /* EditSectionsReusableView.swift in Sources */,
				E5FFA0CC28F063C100D422FC /* SectionHeaderReusableView.swift in Sources */,
				E5FFA09428F05C3000D422FC /* AppDelegate.swift in Sources */,
				E5CF836F28F2157200109ABF /* Collection+.swift in Sources */,
				E5FFA0C628F05D5A00D422FC /* CellModel.swift in Sources */,
				E5FFA09628F05C3000D422FC /* SceneDelegate.swift in Sources */,
				E5CF836A28F1E8D900109ABF /* SectionHeaderReusableViewReactor.swift in Sources */,
			);
			runOnlyForDeploymentPostprocessing = 0;
		};
/* End PBXSourcesBuildPhase section */

/* Begin PBXVariantGroup section */
		E5FFA09E28F05C3100D422FC /* LaunchScreen.storyboard */ = {
			isa = PBXVariantGroup;
			children = (
				E5FFA09F28F05C3100D422FC /* Base */,
			);
			name = LaunchScreen.storyboard;
			sourceTree = "<group>";
		};
/* End PBXVariantGroup section */

/* Begin XCBuildConfiguration section */
		E5FFA0B828F05C3100D422FC /* Debug */ = {
			isa = XCBuildConfiguration;
			buildSettings = {
				ALWAYS_SEARCH_USER_PATHS = NO;
				CLANG_ANALYZER_NONNULL = YES;
				CLANG_ANALYZER_NUMBER_OBJECT_CONVERSION = YES_AGGRESSIVE;
				CLANG_CXX_LANGUAGE_STANDARD = "gnu++20";
				CLANG_ENABLE_MODULES = YES;
				CLANG_ENABLE_OBJC_ARC = YES;
				CLANG_ENABLE_OBJC_WEAK = YES;
				CLANG_WARN_BLOCK_CAPTURE_AUTORELEASING = YES;
				CLANG_WARN_BOOL_CONVERSION = YES;
				CLANG_WARN_COMMA = YES;
				CLANG_WARN_CONSTANT_CONVERSION = YES;
				CLANG_WARN_DEPRECATED_OBJC_IMPLEMENTATIONS = YES;
				CLANG_WARN_DIRECT_OBJC_ISA_USAGE = YES_ERROR;
				CLANG_WARN_DOCUMENTATION_COMMENTS = YES;
				CLANG_WARN_EMPTY_BODY = YES;
				CLANG_WARN_ENUM_CONVERSION = YES;
				CLANG_WARN_INFINITE_RECURSION = YES;
				CLANG_WARN_INT_CONVERSION = YES;
				CLANG_WARN_NON_LITERAL_NULL_CONVERSION = YES;
				CLANG_WARN_OBJC_IMPLICIT_RETAIN_SELF = YES;
				CLANG_WARN_OBJC_LITERAL_CONVERSION = YES;
				CLANG_WARN_OBJC_ROOT_CLASS = YES_ERROR;
				CLANG_WARN_QUOTED_INCLUDE_IN_FRAMEWORK_HEADER = YES;
				CLANG_WARN_RANGE_LOOP_ANALYSIS = YES;
				CLANG_WARN_STRICT_PROTOTYPES = YES;
				CLANG_WARN_SUSPICIOUS_MOVE = YES;
				CLANG_WARN_UNGUARDED_AVAILABILITY = YES_AGGRESSIVE;
				CLANG_WARN_UNREACHABLE_CODE = YES;
				CLANG_WARN__DUPLICATE_METHOD_MATCH = YES;
				COPY_PHASE_STRIP = NO;
				DEBUG_INFORMATION_FORMAT = dwarf;
				ENABLE_STRICT_OBJC_MSGSEND = YES;
				ENABLE_TESTABILITY = YES;
				GCC_C_LANGUAGE_STANDARD = gnu11;
				GCC_DYNAMIC_NO_PIC = NO;
				GCC_NO_COMMON_BLOCKS = YES;
				GCC_OPTIMIZATION_LEVEL = 0;
				GCC_PREPROCESSOR_DEFINITIONS = (
					"DEBUG=1",
					"$(inherited)",
				);
				GCC_WARN_64_TO_32_BIT_CONVERSION = YES;
				GCC_WARN_ABOUT_RETURN_TYPE = YES_ERROR;
				GCC_WARN_UNDECLARED_SELECTOR = YES;
				GCC_WARN_UNINITIALIZED_AUTOS = YES_AGGRESSIVE;
				GCC_WARN_UNUSED_FUNCTION = YES;
				GCC_WARN_UNUSED_VARIABLE = YES;
				IPHONEOS_DEPLOYMENT_TARGET = 16.0;
				MTL_ENABLE_DEBUG_INFO = INCLUDE_SOURCE;
				MTL_FAST_MATH = YES;
				ONLY_ACTIVE_ARCH = YES;
				SDKROOT = iphoneos;
				SWIFT_ACTIVE_COMPILATION_CONDITIONS = DEBUG;
				SWIFT_OPTIMIZATION_LEVEL = "-Onone";
			};
			name = Debug;
		};
		E5FFA0B928F05C3100D422FC /* Release */ = {
			isa = XCBuildConfiguration;
			buildSettings = {
				ALWAYS_SEARCH_USER_PATHS = NO;
				CLANG_ANALYZER_NONNULL = YES;
				CLANG_ANALYZER_NUMBER_OBJECT_CONVERSION = YES_AGGRESSIVE;
				CLANG_CXX_LANGUAGE_STANDARD = "gnu++20";
				CLANG_ENABLE_MODULES = YES;
				CLANG_ENABLE_OBJC_ARC = YES;
				CLANG_ENABLE_OBJC_WEAK = YES;
				CLANG_WARN_BLOCK_CAPTURE_AUTORELEASING = YES;
				CLANG_WARN_BOOL_CONVERSION = YES;
				CLANG_WARN_COMMA = YES;
				CLANG_WARN_CONSTANT_CONVERSION = YES;
				CLANG_WARN_DEPRECATED_OBJC_IMPLEMENTATIONS = YES;
				CLANG_WARN_DIRECT_OBJC_ISA_USAGE = YES_ERROR;
				CLANG_WARN_DOCUMENTATION_COMMENTS = YES;
				CLANG_WARN_EMPTY_BODY = YES;
				CLANG_WARN_ENUM_CONVERSION = YES;
				CLANG_WARN_INFINITE_RECURSION = YES;
				CLANG_WARN_INT_CONVERSION = YES;
				CLANG_WARN_NON_LITERAL_NULL_CONVERSION = YES;
				CLANG_WARN_OBJC_IMPLICIT_RETAIN_SELF = YES;
				CLANG_WARN_OBJC_LITERAL_CONVERSION = YES;
				CLANG_WARN_OBJC_ROOT_CLASS = YES_ERROR;
				CLANG_WARN_QUOTED_INCLUDE_IN_FRAMEWORK_HEADER = YES;
				CLANG_WARN_RANGE_LOOP_ANALYSIS = YES;
				CLANG_WARN_STRICT_PROTOTYPES = YES;
				CLANG_WARN_SUSPICIOUS_MOVE = YES;
				CLANG_WARN_UNGUARDED_AVAILABILITY = YES_AGGRESSIVE;
				CLANG_WARN_UNREACHABLE_CODE = YES;
				CLANG_WARN__DUPLICATE_METHOD_MATCH = YES;
				COPY_PHASE_STRIP = NO;
				DEBUG_INFORMATION_FORMAT = "dwarf-with-dsym";
				ENABLE_NS_ASSERTIONS = NO;
				ENABLE_STRICT_OBJC_MSGSEND = YES;
				GCC_C_LANGUAGE_STANDARD = gnu11;
				GCC_NO_COMMON_BLOCKS = YES;
				GCC_WARN_64_TO_32_BIT_CONVERSION = YES;
				GCC_WARN_ABOUT_RETURN_TYPE = YES_ERROR;
				GCC_WARN_UNDECLARED_SELECTOR = YES;
				GCC_WARN_UNINITIALIZED_AUTOS = YES_AGGRESSIVE;
				GCC_WARN_UNUSED_FUNCTION = YES;
				GCC_WARN_UNUSED_VARIABLE = YES;
				IPHONEOS_DEPLOYMENT_TARGET = 16.0;
				MTL_ENABLE_DEBUG_INFO = NO;
				MTL_FAST_MATH = YES;
				SDKROOT = iphoneos;
				SWIFT_COMPILATION_MODE = wholemodule;
				SWIFT_OPTIMIZATION_LEVEL = "-O";
				VALIDATE_PRODUCT = YES;
			};
			name = Release;
		};
		E5FFA0BB28F05C3100D422FC /* Debug */ = {
			isa = XCBuildConfiguration;
			buildSettings = {
				ASSETCATALOG_COMPILER_APPICON_NAME = AppIcon;
				ASSETCATALOG_COMPILER_GLOBAL_ACCENT_COLOR_NAME = AccentColor;
				CODE_SIGN_STYLE = Automatic;
				CURRENT_PROJECT_VERSION = 1;
				GENERATE_INFOPLIST_FILE = YES;
				INFOPLIST_FILE = "Diffable-Datasource-ReactorKit-Example/Info.plist";
				INFOPLIST_KEY_UIApplicationSupportsIndirectInputEvents = YES;
				INFOPLIST_KEY_UILaunchStoryboardName = LaunchScreen.storyboard;
				INFOPLIST_KEY_UIMainStoryboardFile = "";
				INFOPLIST_KEY_UISupportedInterfaceOrientations_iPad = "UIInterfaceOrientationPortrait UIInterfaceOrientationPortraitUpsideDown UIInterfaceOrientationLandscapeLeft UIInterfaceOrientationLandscapeRight";
				INFOPLIST_KEY_UISupportedInterfaceOrientations_iPhone = "UIInterfaceOrientationPortrait UIInterfaceOrientationLandscapeLeft UIInterfaceOrientationLandscapeRight";
				IPHONEOS_DEPLOYMENT_TARGET = 14.0;
				LD_RUNPATH_SEARCH_PATHS = (
					"$(inherited)",
					"@executable_path/Frameworks",
				);
				MARKETING_VERSION = 1.0;
				PRODUCT_BUNDLE_IDENTIFIER = "com.swiftman.Diffable-Datasource-ReactorKit-Example";
				PRODUCT_NAME = "$(TARGET_NAME)";
				SWIFT_EMIT_LOC_STRINGS = YES;
				SWIFT_VERSION = 5.0;
				TARGETED_DEVICE_FAMILY = "1,2";
			};
			name = Debug;
		};
		E5FFA0BC28F05C3100D422FC /* Release */ = {
			isa = XCBuildConfiguration;
			buildSettings = {
				ASSETCATALOG_COMPILER_APPICON_NAME = AppIcon;
				ASSETCATALOG_COMPILER_GLOBAL_ACCENT_COLOR_NAME = AccentColor;
				CODE_SIGN_STYLE = Automatic;
				CURRENT_PROJECT_VERSION = 1;
				GENERATE_INFOPLIST_FILE = YES;
				INFOPLIST_FILE = "Diffable-Datasource-ReactorKit-Example/Info.plist";
				INFOPLIST_KEY_UIApplicationSupportsIndirectInputEvents = YES;
				INFOPLIST_KEY_UILaunchStoryboardName = LaunchScreen.storyboard;
				INFOPLIST_KEY_UIMainStoryboardFile = "";
				INFOPLIST_KEY_UISupportedInterfaceOrientations_iPad = "UIInterfaceOrientationPortrait UIInterfaceOrientationPortraitUpsideDown UIInterfaceOrientationLandscapeLeft UIInterfaceOrientationLandscapeRight";
				INFOPLIST_KEY_UISupportedInterfaceOrientations_iPhone = "UIInterfaceOrientationPortrait UIInterfaceOrientationLandscapeLeft UIInterfaceOrientationLandscapeRight";
				IPHONEOS_DEPLOYMENT_TARGET = 14.0;
				LD_RUNPATH_SEARCH_PATHS = (
					"$(inherited)",
					"@executable_path/Frameworks",
				);
				MARKETING_VERSION = 1.0;
				PRODUCT_BUNDLE_IDENTIFIER = "com.swiftman.Diffable-Datasource-ReactorKit-Example";
				PRODUCT_NAME = "$(TARGET_NAME)";
				SWIFT_EMIT_LOC_STRINGS = YES;
				SWIFT_VERSION = 5.0;
				TARGETED_DEVICE_FAMILY = "1,2";
			};
			name = Release;
		};
/* End XCBuildConfiguration section */

/* Begin XCConfigurationList section */
		E5FFA08B28F05C3000D422FC /* Build configuration list for PBXProject "Diffable-Datasource-ReactorKit-Example" */ = {
			isa = XCConfigurationList;
			buildConfigurations = (
				E5FFA0B828F05C3100D422FC /* Debug */,
				E5FFA0B928F05C3100D422FC /* Release */,
			);
			defaultConfigurationIsVisible = 0;
			defaultConfigurationName = Release;
		};
		E5FFA0BA28F05C3100D422FC /* Build configuration list for PBXNativeTarget "Diffable-Datasource-ReactorKit-Example" */ = {
			isa = XCConfigurationList;
			buildConfigurations = (
				E5FFA0BB28F05C3100D422FC /* Debug */,
				E5FFA0BC28F05C3100D422FC /* Release */,
			);
			defaultConfigurationIsVisible = 0;
			defaultConfigurationName = Release;
		};
/* End XCConfigurationList section */

/* Begin XCRemoteSwiftPackageReference section */
		E5C09C9528F21E6C00B11418 /* XCRemoteSwiftPackageReference "Then" */ = {
			isa = XCRemoteSwiftPackageReference;
			repositoryURL = "https://github.com/devxoul/Then";
			requirement = {
				kind = upToNextMajorVersion;
				minimumVersion = 3.0.0;
			};
		};
		E5CF835928F1DE0600109ABF /* XCRemoteSwiftPackageReference "ReactorKit" */ = {
			isa = XCRemoteSwiftPackageReference;
			repositoryURL = "https://github.com/ReactorKit/ReactorKit.git";
			requirement = {
				kind = upToNextMajorVersion;
				minimumVersion = 3.0.0;
			};
		};
		E5CF835E28F1E8B700109ABF /* XCRemoteSwiftPackageReference "RxSwift" */ = {
			isa = XCRemoteSwiftPackageReference;
			repositoryURL = "https://github.com/ReactiveX/RxSwift";
			requirement = {
				kind = upToNextMajorVersion;
				minimumVersion = 6.0.0;
			};
		};
/* End XCRemoteSwiftPackageReference section */

/* Begin XCSwiftPackageProductDependency section */
		E5C09C9628F21E6C00B11418 /* Then */ = {
			isa = XCSwiftPackageProductDependency;
			package = E5C09C9528F21E6C00B11418 /* XCRemoteSwiftPackageReference "Then" */;
			productName = Then;
		};
		E5CF835A28F1DE0600109ABF /* ReactorKit */ = {
			isa = XCSwiftPackageProductDependency;
			package = E5CF835928F1DE0600109ABF /* XCRemoteSwiftPackageReference "ReactorKit" */;
			productName = ReactorKit;
		};
		E5CF836128F1E8B700109ABF /* RxCocoa */ = {
			isa = XCSwiftPackageProductDependency;
			package = E5CF835E28F1E8B700109ABF /* XCRemoteSwiftPackageReference "RxSwift" */;
			productName = RxCocoa;
		};
		E5CF836328F1E8B700109ABF /* RxRelay */ = {
			isa = XCSwiftPackageProductDependency;
			package = E5CF835E28F1E8B700109ABF /* XCRemoteSwiftPackageReference "RxSwift" */;
			productName = RxRelay;
		};
		E5CF836528F1E8B700109ABF /* RxSwift */ = {
			isa = XCSwiftPackageProductDependency;
			package = E5CF835E28F1E8B700109ABF /* XCRemoteSwiftPackageReference "RxSwift" */;
			productName = RxSwift;
		};
/* End XCSwiftPackageProductDependency section */
	};
	rootObject = E5FFA08828F05C3000D422FC /* Project object */;
}
